// !$*UTF8*$!
{
	archiveVersion = 1;
	classes = {
	};
	objectVersion = 46;
	objects = {

/* Begin PBXBuildFile section */
		E16AF71F1CA032F400FE15D1 /* AppDelegate.swift in Sources */ = {isa = PBXBuildFile; fileRef = E16AF71E1CA032F400FE15D1 /* AppDelegate.swift */; };
		E16AF7211CA032F400FE15D1 /* ViewController.swift in Sources */ = {isa = PBXBuildFile; fileRef = E16AF7201CA032F400FE15D1 /* ViewController.swift */; };
		E16AF7241CA032F400FE15D1 /* Main.storyboard in Resources */ = {isa = PBXBuildFile; fileRef = E16AF7221CA032F400FE15D1 /* Main.storyboard */; };
		E16AF7261CA032F400FE15D1 /* Assets.xcassets in Resources */ = {isa = PBXBuildFile; fileRef = E16AF7251CA032F400FE15D1 /* Assets.xcassets */; };
		E16AF7291CA032F400FE15D1 /* LaunchScreen.storyboard in Resources */ = {isa = PBXBuildFile; fileRef = E16AF7271CA032F400FE15D1 /* LaunchScreen.storyboard */; };
		E1B7B1A71CA38BBC0026919F /* PickColorsFromImageViewController.swift in Sources */ = {isa = PBXBuildFile; fileRef = E1B7B1A61CA38BBC0026919F /* PickColorsFromImageViewController.swift */; };
		E1E1E7B31CA0511D00B3950D /* UIColor+BCColor.swift in Sources */ = {isa = PBXBuildFile; fileRef = E1E1E7B11CA0511D00B3950D /* UIColor+BCColor.swift */; };
		E1E1E7B41CA0511D00B3950D /* UIImage+BCColor.swift in Sources */ = {isa = PBXBuildFile; fileRef = E1E1E7B21CA0511D00B3950D /* UIImage+BCColor.swift */; };
/* End PBXBuildFile section */

/* Begin PBXFileReference section */
		E16AF71B1CA032F400FE15D1 /* BCColorDemo.app */ = {isa = PBXFileReference; explicitFileType = wrapper.application; includeInIndex = 0; path = BCColorDemo.app; sourceTree = BUILT_PRODUCTS_DIR; };
		E16AF71E1CA032F400FE15D1 /* AppDelegate.swift */ = {isa = PBXFileReference; lastKnownFileType = sourcecode.swift; path = AppDelegate.swift; sourceTree = "<group>"; };
		E16AF7201CA032F400FE15D1 /* ViewController.swift */ = {isa = PBXFileReference; lastKnownFileType = sourcecode.swift; path = ViewController.swift; sourceTree = "<group>"; };
		E16AF7231CA032F400FE15D1 /* Base */ = {isa = PBXFileReference; lastKnownFileType = file.storyboard; name = Base; path = Base.lproj/Main.storyboard; sourceTree = "<group>"; };
		E16AF7251CA032F400FE15D1 /* Assets.xcassets */ = {isa = PBXFileReference; lastKnownFileType = folder.assetcatalog; path = Assets.xcassets; sourceTree = "<group>"; };
		E16AF7281CA032F400FE15D1 /* Base */ = {isa = PBXFileReference; lastKnownFileType = file.storyboard; name = Base; path = Base.lproj/LaunchScreen.storyboard; sourceTree = "<group>"; };
		E16AF72A1CA032F400FE15D1 /* Info.plist */ = {isa = PBXFileReference; lastKnownFileType = text.plist.xml; path = Info.plist; sourceTree = "<group>"; };
		E1B7B1A61CA38BBC0026919F /* PickColorsFromImageViewController.swift */ = {isa = PBXFileReference; fileEncoding = 4; lastKnownFileType = sourcecode.swift; path = PickColorsFromImageViewController.swift; sourceTree = "<group>"; };
		E1E1E7B11CA0511D00B3950D /* UIColor+BCColor.swift */ = {isa = PBXFileReference; fileEncoding = 4; lastKnownFileType = sourcecode.swift; path = "UIColor+BCColor.swift"; sourceTree = "<group>"; };
		E1E1E7B21CA0511D00B3950D /* UIImage+BCColor.swift */ = {isa = PBXFileReference; fileEncoding = 4; lastKnownFileType = sourcecode.swift; path = "UIImage+BCColor.swift"; sourceTree = "<group>"; };
/* End PBXFileReference section */

/* Begin PBXFrameworksBuildPhase section */
		E16AF7181CA032F400FE15D1 /* Frameworks */ = {
			isa = PBXFrameworksBuildPhase;
			buildActionMask = 2147483647;
			files = (
			);
			runOnlyForDeploymentPostprocessing = 0;
		};
/* End PBXFrameworksBuildPhase section */

/* Begin PBXGroup section */
		E16AF7121CA032F400FE15D1 = {
			isa = PBXGroup;
			children = (
				E16AF71D1CA032F400FE15D1 /* BCColorDemo */,
				E16AF71C1CA032F400FE15D1 /* Products */,
			);
			sourceTree = "<group>";
		};
		E16AF71C1CA032F400FE15D1 /* Products */ = {
			isa = PBXGroup;
			children = (
				E16AF71B1CA032F400FE15D1 /* BCColorDemo.app */,
			);
			name = Products;
			sourceTree = "<group>";
		};
		E16AF71D1CA032F400FE15D1 /* BCColorDemo */ = {
			isa = PBXGroup;
			children = (
				E16AF71E1CA032F400FE15D1 /* AppDelegate.swift */,
				E16AF7201CA032F400FE15D1 /* ViewController.swift */,
				E1E1E7B01CA0511D00B3950D /* BCColor */,
				E1B7B1A51CA38B610026919F /* DemoVCs */,
				E16AF7221CA032F400FE15D1 /* Main.storyboard */,
				E16AF7251CA032F400FE15D1 /* Assets.xcassets */,
				E16AF7271CA032F400FE15D1 /* LaunchScreen.storyboard */,
				E16AF72A1CA032F400FE15D1 /* Info.plist */,
			);
			name = BCColorDemo;
			path = BCColor;
			sourceTree = "<group>";
		};
		E1B7B1A51CA38B610026919F /* DemoVCs */ = {
			isa = PBXGroup;
			children = (
				E1B7B1A61CA38BBC0026919F /* PickColorsFromImageViewController.swift */,
			);
			name = DemoVCs;
			sourceTree = "<group>";
		};
		E1E1E7B01CA0511D00B3950D /* BCColor */ = {
			isa = PBXGroup;
			children = (
				E1E1E7B11CA0511D00B3950D /* UIColor+BCColor.swift */,
				E1E1E7B21CA0511D00B3950D /* UIImage+BCColor.swift */,
			);
			path = BCColor;
			sourceTree = "<group>";
		};
/* End PBXGroup section */

/* Begin PBXNativeTarget section */
		E16AF71A1CA032F400FE15D1 /* BCColorDemo */ = {
			isa = PBXNativeTarget;
			buildConfigurationList = E16AF72D1CA032F400FE15D1 /* Build configuration list for PBXNativeTarget "BCColorDemo" */;
			buildPhases = (
				E16AF7171CA032F400FE15D1 /* Sources */,
				E16AF7181CA032F400FE15D1 /* Frameworks */,
				E16AF7191CA032F400FE15D1 /* Resources */,
			);
			buildRules = (
			);
			dependencies = (
			);
			name = BCColorDemo;
			productName = BCColor;
			productReference = E16AF71B1CA032F400FE15D1 /* BCColorDemo.app */;
			productType = "com.apple.product-type.application";
		};
/* End PBXNativeTarget section */

/* Begin PBXProject section */
		E16AF7131CA032F400FE15D1 /* Project object */ = {
			isa = PBXProject;
			attributes = {
				LastSwiftUpdateCheck = 0720;
				LastUpgradeCheck = 0720;
				ORGANIZATIONNAME = Boyce;
				TargetAttributes = {
					E16AF71A1CA032F400FE15D1 = {
						CreatedOnToolsVersion = 7.2.1;
					};
				};
			};
			buildConfigurationList = E16AF7161CA032F400FE15D1 /* Build configuration list for PBXProject "BCColorDemo" */;
			compatibilityVersion = "Xcode 3.2";
			developmentRegion = English;
			hasScannedForEncodings = 0;
			knownRegions = (
				en,
				Base,
			);
			mainGroup = E16AF7121CA032F400FE15D1;
			productRefGroup = E16AF71C1CA032F400FE15D1 /* Products */;
			projectDirPath = "";
			projectRoot = "";
			targets = (
				E16AF71A1CA032F400FE15D1 /* BCColorDemo */,
			);
		};
/* End PBXProject section */

/* Begin PBXResourcesBuildPhase section */
		E16AF7191CA032F400FE15D1 /* Resources */ = {
			isa = PBXResourcesBuildPhase;
			buildActionMask = 2147483647;
			files = (
				E16AF7291CA032F400FE15D1 /* LaunchScreen.storyboard in Resources */,
				E16AF7261CA032F400FE15D1 /* Assets.xcassets in Resources */,
				E16AF7241CA032F400FE15D1 /* Main.storyboard in Resources */,
			);
			runOnlyForDeploymentPostprocessing = 0;
		};
/* End PBXResourcesBuildPhase section */

/* Begin PBXSourcesBuildPhase section */
		E16AF7171CA032F400FE15D1 /* Sources */ = {
			isa = PBXSourcesBuildPhase;
			buildActionMask = 2147483647;
			files = (
				E1B7B1A71CA38BBC0026919F /* PickColorsFromImageViewController.swift in Sources */,
				E1E1E7B41CA0511D00B3950D /* UIImage+BCColor.swift in Sources */,
				E1E1E7B31CA0511D00B3950D /* UIColor+BCColor.swift in Sources */,
				E16AF7211CA032F400FE15D1 /* ViewController.swift in Sources */,
				E16AF71F1CA032F400FE15D1 /* AppDelegate.swift in Sources */,
			);
			runOnlyForDeploymentPostprocessing = 0;
		};
/* End PBXSourcesBuildPhase section */

/* Begin PBXVariantGroup section */
		E16AF7221CA032F400FE15D1 /* Main.storyboard */ = {
			isa = PBXVariantGroup;
			children = (
				E16AF7231CA032F400FE15D1 /* Base */,
			);
			name = Main.storyboard;
			sourceTree = "<group>";
		};
		E16AF7271CA032F400FE15D1 /* LaunchScreen.storyboard */ = {
			isa = PBXVariantGroup;
			children = (
				E16AF7281CA032F400FE15D1 /* Base */,
			);
			name = LaunchScreen.storyboard;
			sourceTree = "<group>";
		};
/* End PBXVariantGroup section */

/* Begin XCBuildConfiguration section */
		E16AF72B1CA032F400FE15D1 /* Debug */ = {
			isa = XCBuildConfiguration;
			buildSettings = {
				ALWAYS_SEARCH_USER_PATHS = NO;
				CLANG_CXX_LANGUAGE_STANDARD = "gnu++0x";
				CLANG_CXX_LIBRARY = "libc++";
				CLANG_ENABLE_MODULES = YES;
				CLANG_ENABLE_OBJC_ARC = YES;
				CLANG_WARN_BOOL_CONVERSION = YES;
				CLANG_WARN_CONSTANT_CONVERSION = YES;
				CLANG_WARN_DIRECT_OBJC_ISA_USAGE = YES_ERROR;
				CLANG_WARN_EMPTY_BODY = YES;
				CLANG_WARN_ENUM_CONVERSION = YES;
				CLANG_WARN_INT_CONVERSION = YES;
				CLANG_WARN_OBJC_ROOT_CLASS = YES_ERROR;
				CLANG_WARN_UNREACHABLE_CODE = YES;
				CLANG_WARN__DUPLICATE_METHOD_MATCH = YES;
				"CODE_SIGN_IDENTITY[sdk=iphoneos*]" = "iPhone Developer";
				COPY_PHASE_STRIP = NO;
				DEBUG_INFORMATION_FORMAT = dwarf;
				ENABLE_STRICT_OBJC_MSGSEND = YES;
				ENABLE_TESTABILITY = YES;
				GCC_C_LANGUAGE_STANDARD = gnu99;
				GCC_DYNAMIC_NO_PIC = NO;
				GCC_NO_COMMON_BLOCKS = YES;
				GCC_OPTIMIZATION_LEVEL = 0;
				GCC_PREPROCESSOR_DEFINITIONS = (
					"DEBUG=1",
					"$(inherited)",
				);
				GCC_WARN_64_TO_32_BIT_CONVERSION = YES;
				GCC_WARN_ABOUT_RETURN_TYPE = YES_ERROR;
				GCC_WARN_UNDECLARED_SELECTOR = YES;
				GCC_WARN_UNINITIALIZED_AUTOS = YES_AGGRESSIVE;
				GCC_WARN_UNUSED_FUNCTION = YES;
				GCC_WARN_UNUSED_VARIABLE = YES;
				IPHONEOS_DEPLOYMENT_TARGET = 9.2;
				MTL_ENABLE_DEBUG_INFO = YES;
				ONLY_ACTIVE_ARCH = YES;
				SDKROOT = iphoneos;
				SWIFT_OPTIMIZATION_LEVEL = "-Onone";
			};
			name = Debug;
		};
		E16AF72C1CA032F400FE15D1 /* Release */ = {
			isa = XCBuildConfiguration;
			buildSettings = {
				ALWAYS_SEARCH_USER_PATHS = NO;
				CLANG_CXX_LANGUAGE_STANDARD = "gnu++0x";
				CLANG_CXX_LIBRARY = "libc++";
				CLANG_ENABLE_MODULES = YES;
				CLANG_ENABLE_OBJC_ARC = YES;
				CLANG_WARN_BOOL_CONVERSION = YES;
				CLANG_WARN_CONSTANT_CONVERSION = YES;
				CLANG_WARN_DIRECT_OBJC_ISA_USAGE = YES_ERROR;
				CLANG_WARN_EMPTY_BODY = YES;
				CLANG_WARN_ENUM_CONVERSION = YES;
				CLANG_WARN_INT_CONVERSION = YES;
				CLANG_WARN_OBJC_ROOT_CLASS = YES_ERROR;
				CLANG_WARN_UNREACHABLE_CODE = YES;
				CLANG_WARN__DUPLICATE_METHOD_MATCH = YES;
				"CODE_SIGN_IDENTITY[sdk=iphoneos*]" = "iPhone Developer";
				COPY_PHASE_STRIP = NO;
				DEBUG_INFORMATION_FORMAT = "dwarf-with-dsym";
				ENABLE_NS_ASSERTIONS = NO;
				ENABLE_STRICT_OBJC_MSGSEND = YES;
				GCC_C_LANGUAGE_STANDARD = gnu99;
				GCC_NO_COMMON_BLOCKS = YES;
				GCC_WARN_64_TO_32_BIT_CONVERSION = YES;
				GCC_WARN_ABOUT_RETURN_TYPE = YES_ERROR;
				GCC_WARN_UNDECLARED_SELECTOR = YES;
				GCC_WARN_UNINITIALIZED_AUTOS = YES_AGGRESSIVE;
				GCC_WARN_UNUSED_FUNCTION = YES;
				GCC_WARN_UNUSED_VARIABLE = YES;
				IPHONEOS_DEPLOYMENT_TARGET = 9.2;
				MTL_ENABLE_DEBUG_INFO = NO;
				SDKROOT = iphoneos;
				VALIDATE_PRODUCT = YES;
			};
			name = Release;
		};
		E16AF72E1CA032F400FE15D1 /* Debug */ = {
			isa = XCBuildConfiguration;
			buildSettings = {
				ASSETCATALOG_COMPILER_APPICON_NAME = AppIcon;
				INFOPLIST_FILE = BCColor/Info.plist;
				IPHONEOS_DEPLOYMENT_TARGET = 8.0;
				LD_RUNPATH_SEARCH_PATHS = "$(inherited) @executable_path/Frameworks";
				PRODUCT_BUNDLE_IDENTIFIER = com.boycechang.bccolor.BCColor;
				PRODUCT_NAME = BCColorDemo;
			};
			name = Debug;
		};
		E16AF72F1CA032F400FE15D1 /* Release */ = {
			isa = XCBuildConfiguration;
			buildSettings = {
				ASSETCATALOG_COMPILER_APPICON_NAME = AppIcon;
				INFOPLIST_FILE = BCColor/Info.plist;
				IPHONEOS_DEPLOYMENT_TARGET = 8.0;
				LD_RUNPATH_SEARCH_PATHS = "$(inherited) @executable_path/Frameworks";
				PRODUCT_BUNDLE_IDENTIFIER = com.boycechang.bccolor.BCColor;
				PRODUCT_NAME = BCColorDemo;
			};
			name = Release;
		};
/* End XCBuildConfiguration section */

/* Begin XCConfigurationList section */
		E16AF7161CA032F400FE15D1 /* Build configuration list for PBXProject "BCColorDemo" */ = {
			isa = XCConfigurationList;
			buildConfigurations = (
				E16AF72B1CA032F400FE15D1 /* Debug */,
				E16AF72C1CA032F400FE15D1 /* Release */,
			);
			defaultConfigurationIsVisible = 0;
			defaultConfigurationName = Release;
		};
		E16AF72D1CA032F400FE15D1 /* Build configuration list for PBXNativeTarget "BCColorDemo" */ = {
			isa = XCConfigurationList;
			buildConfigurations = (
				E16AF72E1CA032F400FE15D1 /* Debug */,
				E16AF72F1CA032F400FE15D1 /* Release */,
			);
			defaultConfigurationIsVisible = 0;
			defaultConfigurationName = Release;
		};
/* End XCConfigurationList section */
	};
	rootObject = E16AF7131CA032F400FE15D1 /* Project object */;
}
